Microsoft Visual Studio Solution File, Format Version 12.00
# Visual Studio Version 17
VisualStudioVersion = 17.5.2.0
MinimumVisualStudioVersion = 10.0.40219.1
Project("{2150E333-8FDC-42A3-9474-1A3956D46DE8}") = "native", "native", "{2F2BA0B1-8447-348E-8DA4-622F0257D38B}"
EndProject
Project("{FAE04EC0-301F-11D3-BF4B-00C04F79EFBC}") = "Hynite.NativeBridge", "native\Hynite.NativeBridge\Hynite.NativeBridge.csproj", "{67442797-BB47-AE12-730B-C14326D52DB4}"
EndProject
Global
	GlobalSection(SolutionConfigurationPlatforms) = preSolution
		Debug|Any CPU = Debug|Any CPU
		Release|Any CPU = Release|Any CPU
	EndGlobalSection
	GlobalSection(ProjectConfigurationPlatforms) = postSolution
		{67442797-BB47-AE12-730B-C14326D52DB4}.Debug|Any CPU.ActiveCfg = Debug|Any CPU
		{67442797-BB47-AE12-730B-C14326D52DB4}.Debug|Any CPU.Build.0 = Debug|Any CPU
		{67442797-BB47-AE12-730B-C14326D52DB4}.Release|Any CPU.ActiveCfg = Release|Any CPU
		{67442797-BB47-AE12-730B-C14326D52DB4}.Release|Any CPU.Build.0 = Release|Any CPU
	EndGlobalSection
	GlobalSection(SolutionProperties) = preSolution
		HideSolutionNode = FALSE
	EndGlobalSection
	GlobalSection(NestedProjects) = preSolution
		{67442797-BB47-AE12-730B-C14326D52DB4} = {2F2BA0B1-8447-348E-8DA4-622F0257D38B}
	EndGlobalSection
	GlobalSection(ExtensibilityGlobals) = postSolution
		SolutionGuid = {88D84925-CD7F-478D-A41D-F686EA7B2E20}
	EndGlobalSection
EndGlobal
